// !$*UTF8*$!
{
	archiveVersion = 1;
	classes = {
	};
	objectVersion = 77;
	objects = {

/* Begin PBXBuildFile section */
		712B2E732F75E88C007237FC /* README.md in Resources */ = {isa = PBXBuildFile; fileRef = 712B2E722F75E88C007237FC /* README.md */; };
/* End PBXBuildFile section */

/* Begin PBXContainerItemProxy section */
		712B2E532F75DC8A007237FC /* PBXContainerItemProxy */ = {
			isa = PBXContainerItemProxy;
			containerPortal = 712B2E3A2F75DC88007237FC /* Project object */;
			proxyType = 1;
			remoteGlobalIDString = 712B2E412F75DC88007237FC;
			remoteInfo = HiLow;
		};
		712B2E5D2F75DC8A007237FC /* PBXContainerItemProxy */ = {
			isa = PBXContainerItemProxy;
			containerPortal = 712B2E3A2F75DC88007237FC /* Project object */;
			proxyType = 1;
			remoteGlobalIDString = 712B2E412F75DC88007237FC;
			remoteInfo = HiLow;
		};
/* End PBXContainerItemProxy section */

/* Begin PBXFileReference section */
		712B2E422F75DC88007237FC /* HiLow.app */ = {isa = PBXFileReference; explicitFileType = wrapper.application; includeInIndex = 0; path = HiLow.app; sourceTree = BUILT_PRODUCTS_DIR; };
		712B2E522F75DC8A007237FC /* HiLowTests.xctest */ = {isa = PBXFileReference; explicitFileType = wrapper.cfbundle; includeInIndex = 0; path = HiLowTests.xctest; sourceTree = BUILT_PRODUCTS_DIR; };
		712B2E5C2F75DC8A007237FC /* HiLowUITests.xctest */ = {isa = PBXFileReference; explicitFileType = wrapper.cfbundle; includeInIndex = 0; path = HiLowUITests.xctest; sourceTree = BUILT_PRODUCTS_DIR; };
		712B2E722F75E88C007237FC /* README.md */ = {isa = PBXFileReference; lastKnownFileType = net.daringfireball.markdown; path = README.md; sourceTree = "<group>"; };
/* End PBXFileReference section */

/* Begin PBXFileSystemSynchronizedRootGroup section */
		712B2E442F75DC88007237FC /* HiLow */ = {
			isa = PBXFileSystemSynchronizedRootGroup;
			path = HiLow;
			sourceTree = "<group>";
		};
		712B2E552F75DC8A007237FC /* HiLowTests */ = {
			isa = PBXFileSystemSynchronizedRootGroup;
			path = HiLowTests;
			sourceTree = "<group>";
		};
		712B2E5F2F75DC8A007237FC /* HiLowUITests */ = {
			isa = PBXFileSystemSynchronizedRootGroup;
			path = HiLowUITests;
			sourceTree = "<group>";
		};
		712B2E712F75E5C8007237FC /* Images */ = {
			isa = PBXFileSystemSynchronizedRootGroup;
			path = Images;
			sourceTree = "<group>";
		};
/* End PBXFileSystemSynchronizedRootGroup section */

/* Begin PBXFrameworksBuildPhase section */
		712B2E3F2F75DC88007237FC /* Frameworks */ = {
			isa = PBXFrameworksBuildPhase;
			buildActionMask = 2147483647;
			files = (
			);
			runOnlyForDeploymentPostprocessing = 0;
		};
		712B2E4F2F75DC8A007237FC /* Frameworks */ = {
			isa = PBXFrameworksBuildPhase;
			buildActionMask = 2147483647;
			files = (
			);
			runOnlyForDeploymentPostprocessing = 0;
		};
		712B2E592F75DC8A007237FC /* Frameworks */ = {
			isa = PBXFrameworksBuildPhase;
			buildActionMask = 2147483647;
			files = (
			);
			runOnlyForDeploymentPostprocessing = 0;
		};
/* End PBXFrameworksBuildPhase section */

/* Begin PBXGroup section */
		712B2E392F75DC88007237FC = {
			isa = PBXGroup;
			children = (
				712B2E722F75E88C007237FC /* README.md */,
				712B2E442F75DC88007237FC /* HiLow */,
				712B2E552F75DC8A007237FC /* HiLowTests */,
				712B2E5F2F75DC8A007237FC /* HiLowUITests */,
				712B2E432F75DC88007237FC /* Products */,
				712B2E712F75E5C8007237FC /* Images */,
			);
			sourceTree = "<group>";
		};
		712B2E432F75DC88007237FC /* Products */ = {
			isa = PBXGroup;
			children = (
				712B2E422F75DC88007237FC /* HiLow.app */,
				712B2E522F75DC8A007237FC /* HiLowTests.xctest */,
				712B2E5C2F75DC8A007237FC /* HiLowUITests.xctest */,
			);
			name = Products;
			sourceTree = "<group>";
		};
/* End PBXGroup section */

/* Begin PBXNativeTarget section */
		712B2E412F75DC88007237FC /* HiLow */ = {
			isa = PBXNativeTarget;
			buildConfigurationList = 712B2E662F75DC8A007237FC /* Build configuration list for PBXNativeTarget "HiLow" */;
			buildPhases = (
				712B2E3E2F75DC88007237FC /* Sources */,
				712B2E3F2F75DC88007237FC /* Frameworks */,
				712B2E402F75DC88007237FC /* Resources */,
			);
			buildRules = (
			);
			dependencies = (
			);
			fileSystemSynchronizedGroups = (
				712B2E442F75DC88007237FC /* HiLow */,
				712B2E712F75E5C8007237FC /* Images */,
			);
			name = HiLow;
			packageProductDependencies = (
			);
			productName = HiLow;
			productReference = 712B2E422F75DC88007237FC /* HiLow.app */;
			productType = "com.apple.product-type.application";
		};
		712B2E512F75DC8A007237FC /* HiLowTests */ = {
			isa = PBXNativeTarget;
			buildConfigurationList = 712B2E692F75DC8A007237FC /* Build configuration list for PBXNativeTarget "HiLowTests" */;
			buildPhases = (
				712B2E4E2F75DC8A007237FC /* Sources */,
				712B2E4F2F75DC8A007237FC /* Frameworks */,
				712B2E502F75DC8A007237FC /* Resources */,
			);
			buildRules = (
			);
			dependencies = (
				712B2E542F75DC8A007237FC /* PBXTargetDependency */,
			);
			fileSystemSynchronizedGroups = (
				712B2E552F75DC8A007237FC /* HiLowTests */,
			);
			name = HiLowTests;
			packageProductDependencies = (
			);
			productName = HiLowTests;
			productReference = 712B2E522F75DC8A007237FC /* HiLowTests.xctest */;
			productType = "com.apple.product-type.bundle.unit-test";
		};
		712B2E5B2F75DC8A007237FC /* HiLowUITests */ = {
			isa = PBXNativeTarget;
			buildConfigurationList = 712B2E6C2F75DC8A007237FC /* Build configuration list for PBXNativeTarget "HiLowUITests" */;
			buildPhases = (
				712B2E582F75DC8A007237FC /* Sources */,
				712B2E592F75DC8A007237FC /* Frameworks */,
				712B2E5A2F75DC8A007237FC /* Resources */,
			);
			buildRules = (
			);
			dependencies = (
				712B2E5E2F75DC8A007237FC /* PBXTargetDependency */,
			);
			fileSystemSynchronizedGroups = (
				712B2E5F2F75DC8A007237FC /* HiLowUITests */,
			);
			name = HiLowUITests;
			packageProductDependencies = (
			);
			productName = HiLowUITests;
			productReference = 712B2E5C2F75DC8A007237FC /* HiLowUITests.xctest */;
			productType = "com.apple.product-type.bundle.ui-testing";
		};
/* End PBXNativeTarget section */

/* Begin PBXProject section */
		712B2E3A2F75DC88007237FC /* Project object */ = {
			isa = PBXProject;
			attributes = {
				BuildIndependentTargetsInParallel = 1;
				LastSwiftUpdateCheck = 1620;
				LastUpgradeCheck = 1620;
				TargetAttributes = {
					712B2E412F75DC88007237FC = {
						CreatedOnToolsVersion = 16.2;
					};
					712B2E512F75DC8A007237FC = {
						CreatedOnToolsVersion = 16.2;
						TestTargetID = 712B2E412F75DC88007237FC;
					};
					712B2E5B2F75DC8A007237FC = {
						CreatedOnToolsVersion = 16.2;
						TestTargetID = 712B2E412F75DC88007237FC;
					};
				};
			};
			buildConfigurationList = 712B2E3D2F75DC88007237FC /* Build configuration list for PBXProject "HiLow" */;
			developmentRegion = en;
			hasScannedForEncodings = 0;
			knownRegions = (
				en,
				Base,
			);
			mainGroup = 712B2E392F75DC88007237FC;
			minimizedProjectReferenceProxies = 1;
			preferredProjectObjectVersion = 77;
			productRefGroup = 712B2E432F75DC88007237FC /* Products */;
			projectDirPath = "";
			projectRoot = "";
			targets = (
				712B2E412F75DC88007237FC /* HiLow */,
				712B2E512F75DC8A007237FC /* HiLowTests */,
				712B2E5B2F75DC8A007237FC /* HiLowUITests */,
			);
		};
/* End PBXProject section */

/* Begin PBXResourcesBuildPhase section */
		712B2E402F75DC88007237FC /* Resources */ = {
			isa = PBXResourcesBuildPhase;
			buildActionMask = 2147483647;
			files = (
				712B2E732F75E88C007237FC /* README.md in Resources */,
			);
			runOnlyForDeploymentPostprocessing = 0;
		};
		712B2E502F75DC8A007237FC /* Resources */ = {
			isa = PBXResourcesBuildPhase;
			buildActionMask = 2147483647;
			files = (
			);
			runOnlyForDeploymentPostprocessing = 0;
		};
		712B2E5A2F75DC8A007237FC /* Resources */ = {
			isa = PBXResourcesBuildPhase;
			buildActionMask = 2147483647;
			files = (
			);
			runOnlyForDeploymentPostprocessing = 0;
		};
/* End PBXResourcesBuildPhase section */

/* Begin PBXSourcesBuildPhase section */
		712B2E3E2F75DC88007237FC /* Sources */ = {
			isa = PBXSourcesBuildPhase;
			buildActionMask = 2147483647;
			files = (
			);
			runOnlyForDeploymentPostprocessing = 0;
		};
		712B2E4E2F75DC8A007237FC /* Sources */ = {
			isa = PBXSourcesBuildPhase;
			buildActionMask = 2147483647;
			files = (
			);
			runOnlyForDeploymentPostprocessing = 0;
		};
		712B2E582F75DC8A007237FC /* Sources */ = {
			isa = PBXSourcesBuildPhase;
			buildActionMask = 2147483647;
			files = (
			);
			runOnlyForDeploymentPostprocessing = 0;
		};
/* End PBXSourcesBuildPhase section */

/* Begin PBXTargetDependency section */
		712B2E542F75DC8A007237FC /* PBXTargetDependency */ = {
			isa = PBXTargetDependency;
			target = 712B2E412F75DC88007237FC /* HiLow */;
			targetProxy = 712B2E532F75DC8A007237FC /* PBXContainerItemProxy */;
		};
		712B2E5E2F75DC8A007237FC /* PBXTargetDependency */ = {
			isa = PBXTargetDependency;
			target = 712B2E412F75DC88007237FC /* HiLow */;
			targetProxy = 712B2E5D2F75DC8A007237FC /* PBXContainerItemProxy */;
		};
/* End PBXTargetDependency section */

/* Begin XCBuildConfiguration section */
		712B2E642F75DC8A007237FC /* Debug */ = {
			isa = XCBuildConfiguration;
			buildSettings = {
				ALWAYS_SEARCH_USER_PATHS = NO;
				ASSETCATALOG_COMPILER_GENERATE_SWIFT_ASSET_SYMBOL_EXTENSIONS = YES;
				CLANG_ANALYZER_NONNULL = YES;
				CLANG_ANALYZER_NUMBER_OBJECT_CONVERSION = YES_AGGRESSIVE;
				CLANG_CXX_LANGUAGE_STANDARD = "gnu++20";
				CLANG_ENABLE_MODULES = YES;
				CLANG_ENABLE_OBJC_ARC = YES;
				CLANG_ENABLE_OBJC_WEAK = YES;
				CLANG_WARN_BLOCK_CAPTURE_AUTORELEASING = YES;
				CLANG_WARN_BOOL_CONVERSION = YES;
				CLANG_WARN_COMMA = YES;
				CLANG_WARN_CONSTANT_CONVERSION = YES;
				CLANG_WARN_DEPRECATED_OBJC_IMPLEMENTATIONS = YES;
				CLANG_WARN_DIRECT_OBJC_ISA_USAGE = YES_ERROR;
				CLANG_WARN_DOCUMENTATION_COMMENTS = YES;
				CLANG_WARN_EMPTY_BODY = YES;
				CLANG_WARN_ENUM_CONVERSION = YES;
				CLANG_WARN_INFINITE_RECURSION = YES;
				CLANG_WARN_INT_CONVERSION = YES;
				CLANG_WARN_NON_LITERAL_NULL_CONVERSION = YES;
				CLANG_WARN_OBJC_IMPLICIT_RETAIN_SELF = YES;
				CLANG_WARN_OBJC_LITERAL_CONVERSION = YES;
				CLANG_WARN_OBJC_ROOT_CLASS = YES_ERROR;
				CLANG_WARN_QUOTED_INCLUDE_IN_FRAMEWORK_HEADER = YES;
				CLANG_WARN_RANGE_LOOP_ANALYSIS = YES;
				CLANG_WARN_STRICT_PROTOTYPES = YES;
				CLANG_WARN_SUSPICIOUS_MOVE = YES;
				CLANG_WARN_UNGUARDED_AVAILABILITY = YES_AGGRESSIVE;
				CLANG_WARN_UNREACHABLE_CODE = YES;
				CLANG_WARN__DUPLICATE_METHOD_MATCH = YES;
				COPY_PHASE_STRIP = NO;
				DEBUG_INFORMATION_FORMAT = dwarf;
				ENABLE_STRICT_OBJC_MSGSEND = YES;
				ENABLE_TESTABILITY = YES;
				ENABLE_USER_SCRIPT_SANDBOXING = YES;
				GCC_C_LANGUAGE_STANDARD = gnu17;
				GCC_DYNAMIC_NO_PIC = NO;
				GCC_NO_COMMON_BLOCKS = YES;
				GCC_OPTIMIZATION_LEVEL = 0;
				GCC_PREPROCESSOR_DEFINITIONS = (
					"DEBUG=1",
					"$(inherited)",
				);
				GCC_WARN_64_TO_32_BIT_CONVERSION = YES;
				GCC_WARN_ABOUT_RETURN_TYPE = YES_ERROR;
				GCC_WARN_UNDECLARED_SELECTOR = YES;
				GCC_WARN_UNINITIALIZED_AUTOS = YES_AGGRESSIVE;
				GCC_WARN_UNUSED_FUNCTION = YES;
				GCC_WARN_UNUSED_VARIABLE = YES;
				IPHONEOS_DEPLOYMENT_TARGET = 18.2;
				LOCALIZATION_PREFERS_STRING_CATALOGS = YES;
				MTL_ENABLE_DEBUG_INFO = INCLUDE_SOURCE;
				MTL_FAST_MATH = YES;
				ONLY_ACTIVE_ARCH = YES;
				SDKROOT = iphoneos;
				SWIFT_ACTIVE_COMPILATION_CONDITIONS = "DEBUG $(inherited)";
				SWIFT_OPTIMIZATION_LEVEL = "-Onone";
			};
			name = Debug;
		};
		712B2E652F75DC8A007237FC /* Release */ = {
			isa = XCBuildConfiguration;
			buildSettings = {
				ALWAYS_SEARCH_USER_PATHS = NO;
				ASSETCATALOG_COMPILER_GENERATE_SWIFT_ASSET_SYMBOL_EXTENSIONS = YES;
				CLANG_ANALYZER_NONNULL = YES;
				CLANG_ANALYZER_NUMBER_OBJECT_CONVERSION = YES_AGGRESSIVE;
				CLANG_CXX_LANGUAGE_STANDARD = "gnu++20";
				CLANG_ENABLE_MODULES = YES;
				CLANG_ENABLE_OBJC_ARC = YES;
				CLANG_ENABLE_OBJC_WEAK = YES;
				CLANG_WARN_BLOCK_CAPTURE_AUTORELEASING = YES;
				CLANG_WARN_BOOL_CONVERSION = YES;
				CLANG_WARN_COMMA = YES;
				CLANG_WARN_CONSTANT_CONVERSION = YES;
				CLANG_WARN_DEPRECATED_OBJC_IMPLEMENTATIONS = YES;
				CLANG_WARN_DIRECT_OBJC_ISA_USAGE = YES_ERROR;
				CLANG_WARN_DOCUMENTATION_COMMENTS = YES;
				CLANG_WARN_EMPTY_BODY = YES;
				CLANG_WARN_ENUM_CONVERSION = YES;
				CLANG_WARN_INFINITE_RECURSION = YES;
				CLANG_WARN_INT_CONVERSION = YES;
				CLANG_WARN_NON_LITERAL_NULL_CONVERSION = YES;
				CLANG_WARN_OBJC_IMPLICIT_RETAIN_SELF = YES;
				CLANG_WARN_OBJC_LITERAL_CONVERSION = YES;
				CLANG_WARN_OBJC_ROOT_CLASS = YES_ERROR;
				CLANG_WARN_QUOTED_INCLUDE_IN_FRAMEWORK_HEADER = YES;
				CLANG_WARN_RANGE_LOOP_ANALYSIS = YES;
				CLANG_WARN_STRICT_PROTOTYPES = YES;
				CLANG_WARN_SUSPICIOUS_MOVE = YES;
				CLANG_WARN_UNGUARDED_AVAILABILITY = YES_AGGRESSIVE;
				CLANG_WARN_UNREACHABLE_CODE = YES;
				CLANG_WARN__DUPLICATE_METHOD_MATCH = YES;
				COPY_PHASE_STRIP = NO;
				DEBUG_INFORMATION_FORMAT = "dwarf-with-dsym";
				ENABLE_NS_ASSERTIONS = NO;
				ENABLE_STRICT_OBJC_MSGSEND = YES;
				ENABLE_USER_SCRIPT_SANDBOXING = YES;
				GCC_C_LANGUAGE_STANDARD = gnu17;
				GCC_NO_COMMON_BLOCKS = YES;
				GCC_WARN_64_TO_32_BIT_CONVERSION = YES;
				GCC_WARN_ABOUT_RETURN_TYPE = YES_ERROR;
				GCC_WARN_UNDECLARED_SELECTOR = YES;
				GCC_WARN_UNINITIALIZED_AUTOS = YES_AGGRESSIVE;
				GCC_WARN_UNUSED_FUNCTION = YES;
				GCC_WARN_UNUSED_VARIABLE = YES;
				IPHONEOS_DEPLOYMENT_TARGET = 18.2;
				LOCALIZATION_PREFERS_STRING_CATALOGS = YES;
				MTL_ENABLE_DEBUG_INFO = NO;
				MTL_FAST_MATH = YES;
				SDKROOT = iphoneos;
				SWIFT_COMPILATION_MODE = wholemodule;
				VALIDATE_PRODUCT = YES;
			};
			name = Release;
		};
		712B2E672F75DC8A007237FC /* Debug */ = {
			isa = XCBuildConfiguration;
			buildSettings = {
				ASSETCATALOG_COMPILER_APPICON_NAME = AppIcon;
				ASSETCATALOG_COMPILER_GLOBAL_ACCENT_COLOR_NAME = AccentColor;
				CODE_SIGN_STYLE = Automatic;
				CURRENT_PROJECT_VERSION = 1;
				DEVELOPMENT_ASSET_PATHS = "\"HiLow/Preview Content\"";
				DEVELOPMENT_TEAM = 9TQ89XZ9MJ;
				ENABLE_PREVIEWS = YES;
				GENERATE_INFOPLIST_FILE = YES;
				INFOPLIST_KEY_UIApplicationSceneManifest_Generation = YES;
				INFOPLIST_KEY_UIApplicationSupportsIndirectInputEvents = YES;
				INFOPLIST_KEY_UILaunchScreen_Generation = YES;
				INFOPLIST_KEY_UISupportedInterfaceOrientations_iPad = "UIInterfaceOrientationPortrait UIInterfaceOrientationPortraitUpsideDown UIInterfaceOrientationLandscapeLeft UIInterfaceOrientationLandscapeRight";
				INFOPLIST_KEY_UISupportedInterfaceOrientations_iPhone = "UIInterfaceOrientationPortrait UIInterfaceOrientationLandscapeLeft UIInterfaceOrientationLandscapeRight";
				LD_RUNPATH_SEARCH_PATHS = (
					"$(inherited)",
					"@executable_path/Frameworks",
				);
				MARKETING_VERSION = 1.0;
				PRODUCT_BUNDLE_IDENTIFIER = ingram.HiLow;
				PRODUCT_NAME = "$(TARGET_NAME)";
				SWIFT_EMIT_LOC_STRINGS = YES;
				SWIFT_VERSION = 5.0;
				TARGETED_DEVICE_FAMILY = "1,2";
			};
			name = Debug;
		};
		712B2E682F75DC8A007237FC /* Release */ = {
			isa = XCBuildConfiguration;
			buildSettings = {
				ASSETCATALOG_COMPILER_APPICON_NAME = AppIcon;
				ASSETCATALOG_COMPILER_GLOBAL_ACCENT_COLOR_NAME = AccentColor;
				CODE_SIGN_STYLE = Automatic;
				CURRENT_PROJECT_VERSION = 1;
				DEVELOPMENT_ASSET_PATHS = "\"HiLow/Preview Content\"";
				DEVELOPMENT_TEAM = 9TQ89XZ9MJ;
				ENABLE_PREVIEWS = YES;
				GENERATE_INFOPLIST_FILE = YES;
				INFOPLIST_KEY_UIApplicationSceneManifest_Generation = YES;
				INFOPLIST_KEY_UIApplicationSupportsIndirectInputEvents = YES;
				INFOPLIST_KEY_UILaunchScreen_Generation = YES;
				INFOPLIST_KEY_UISupportedInterfaceOrientations_iPad = "UIInterfaceOrientationPortrait UIInterfaceOrientationPortraitUpsideDown UIInterfaceOrientationLandscapeLeft UIInterfaceOrientationLandscapeRight";
				INFOPLIST_KEY_UISupportedInterfaceOrientations_iPhone = "UIInterfaceOrientationPortrait UIInterfaceOrientationLandscapeLeft UIInterfaceOrientationLandscapeRight";
				LD_RUNPATH_SEARCH_PATHS = (
					"$(inherited)",
					"@executable_path/Frameworks",
				);
				MARKETING_VERSION = 1.0;
				PRODUCT_BUNDLE_IDENTIFIER = ingram.HiLow;
				PRODUCT_NAME = "$(TARGET_NAME)";
				SWIFT_EMIT_LOC_STRINGS = YES;
				SWIFT_VERSION = 5.0;
				TARGETED_DEVICE_FAMILY = "1,2";
			};
			name = Release;
		};
		712B2E6A2F75DC8A007237FC /* Debug */ = {
			isa = XCBuildConfiguration;
			buildSettings = {
				BUNDLE_LOADER = "$(TEST_HOST)";
				CODE_SIGN_STYLE = Automatic;
				CURRENT_PROJECT_VERSION = 1;
				DEVELOPMENT_TEAM = 9TQ89XZ9MJ;
				GENERATE_INFOPLIST_FILE = YES;
				IPHONEOS_DEPLOYMENT_TARGET = 18.2;
				MARKETING_VERSION = 1.0;
				PRODUCT_BUNDLE_IDENTIFIER = ingram.HiLowTests;
				PRODUCT_NAME = "$(TARGET_NAME)";
				SWIFT_EMIT_LOC_STRINGS = NO;
				SWIFT_VERSION = 5.0;
				TARGETED_DEVICE_FAMILY = "1,2";
				TEST_HOST = "$(BUILT_PRODUCTS_DIR)/HiLow.app/$(BUNDLE_EXECUTABLE_FOLDER_PATH)/HiLow";
			};
			name = Debug;
		};
		712B2E6B2F75DC8A007237FC /* Release */ = {
			isa = XCBuildConfiguration;
			buildSettings = {
				BUNDLE_LOADER = "$(TEST_HOST)";
				CODE_SIGN_STYLE = Automatic;
				CURRENT_PROJECT_VERSION = 1;
				DEVELOPMENT_TEAM = 9TQ89XZ9MJ;
				GENERATE_INFOPLIST_FILE = YES;
				IPHONEOS_DEPLOYMENT_TARGET = 18.2;
				MARKETING_VERSION = 1.0;
				PRODUCT_BUNDLE_IDENTIFIER = ingram.HiLowTests;
				PRODUCT_NAME = "$(TARGET_NAME)";
				SWIFT_EMIT_LOC_STRINGS = NO;
				SWIFT_VERSION = 5.0;
				TARGETED_DEVICE_FAMILY = "1,2";
				TEST_HOST = "$(BUILT_PRODUCTS_DIR)/HiLow.app/$(BUNDLE_EXECUTABLE_FOLDER_PATH)/HiLow";
			};
			name = Release;
		};
		712B2E6D2F75DC8A007237FC /* Debug */ = {
			isa = XCBuildConfiguration;
			buildSettings = {
				CODE_SIGN_STYLE = Automatic;
				CURRENT_PROJECT_VERSION = 1;
				DEVELOPMENT_TEAM = 9TQ89XZ9MJ;
				GENERATE_INFOPLIST_FILE = YES;
				MARKETING_VERSION = 1.0;
				PRODUCT_BUNDLE_IDENTIFIER = ingram.HiLowUITests;
				PRODUCT_NAME = "$(TARGET_NAME)";
				SWIFT_EMIT_LOC_STRINGS = NO;
				SWIFT_VERSION = 5.0;
				TARGETED_DEVICE_FAMILY = "1,2";
				TEST_TARGET_NAME = HiLow;
			};
			name = Debug;
		};
		712B2E6E2F75DC8A007237FC /* Release */ = {
			isa = XCBuildConfiguration;
			buildSettings = {
				CODE_SIGN_STYLE = Automatic;
				CURRENT_PROJECT_VERSION = 1;
				DEVELOPMENT_TEAM = 9TQ89XZ9MJ;
				GENERATE_INFOPLIST_FILE = YES;
				MARKETING_VERSION = 1.0;
				PRODUCT_BUNDLE_IDENTIFIER = ingram.HiLowUITests;
				PRODUCT_NAME = "$(TARGET_NAME)";
				SWIFT_EMIT_LOC_STRINGS = NO;
				SWIFT_VERSION = 5.0;
				TARGETED_DEVICE_FAMILY = "1,2";
				TEST_TARGET_NAME = HiLow;
			};
			name = Release;
		};
/* End XCBuildConfiguration section */

/* Begin XCConfigurationList section */
		712B2E3D2F75DC88007237FC /* Build configuration list for PBXProject "HiLow" */ = {
			isa = XCConfigurationList;
			buildConfigurations = (
				712B2E642F75DC8A007237FC /* Debug */,
				712B2E652F75DC8A007237FC /* Release */,
			);
			defaultConfigurationIsVisible = 0;
			defaultConfigurationName = Release;
		};
		712B2E662F75DC8A007237FC /* Build configuration list for PBXNativeTarget "HiLow" */ = {
			isa = XCConfigurationList;
			buildConfigurations = (
				712B2E672F75DC8A007237FC /* Debug */,
				712B2E682F75DC8A007237FC /* Release */,
			);
			defaultConfigurationIsVisible = 0;
			defaultConfigurationName = Release;
		};
		712B2E692F75DC8A007237FC /* Build configuration list for PBXNativeTarget "HiLowTests" */ = {
			isa = XCConfigurationList;
			buildConfigurations = (
				712B2E6A2F75DC8A007237FC /* Debug */,
				712B2E6B2F75DC8A007237FC /* Release */,
			);
			defaultConfigurationIsVisible = 0;
			defaultConfigurationName = Release;
		};
		712B2E6C2F75DC8A007237FC /* Build configuration list for PBXNativeTarget "HiLowUITests" */ = {
			isa = XCConfigurationList;
			buildConfigurations = (
				712B2E6D2F75DC8A007237FC /* Debug */,
				712B2E6E2F75DC8A007237FC /* Release */,
			);
			defaultConfigurationIsVisible = 0;
			defaultConfigurationName = Release;
		};
/* End XCConfigurationList section */
	};
	rootObject = 712B2E3A2F75DC88007237FC /* Project object */;
}
